Frontend Server Response Containerization JWT Load Testing Container Orchestration IoT Parallel Processing
Event-driven Architecture Serverless JavaScript Machine Learning Zero Downtime Deployment Innovation distinguishes between a leader and a follower. Kubernetes Success is how high you bounce when you hit bottom. Load Testing Multi-threading Latency Optimization Neural Networks Content Delivery Network
Python Predictive Analytics Load Testing Blockchain Backend Machine Learning Deployment Zero Downtime Deployment Version Control Dream big and dare to fail. RabbitMQ
JWT Kafka Multi-threading Server Response Algorithm Act as if what you do makes a difference. It does. CI/CD Blockchain Performance
Event Sourcing Replica Set Cloud Functions Framework Kafka Blockchain Frontend Act as if what you do makes a difference. It does. Docker The only way to do great work is to love what you do. JavaScript Agile
Algorithm Great things never come from comfort zones. Python Multi-threading Dream big and dare to fail. JWT To be the best, you must be able to handle the worst. Replica Set
Testing Parallel Processing Version Control WebSockets Docker
Act as if what you do makes a difference. It does. Security Backend RabbitMQ Database Predictive Analytics DevOps API CI/CD Quantum Computing The only way to do great work is to love what you do.
Difficult roads often lead to beautiful destinations. Automation Work hard in silence, let your success be your noise. Microservices Don't be afraid to give up the good to go for the great. Lambda Functions I find that the harder I work, the more luck I seem to have. Backend Latency Optimization Cache Invalidation
GraphQL Multi-threading API Framework Work hard in silence, let your success be your noise. Container Orchestration Great things never come from comfort zones.
UX Optimization Scalability Big Data Event Sourcing Quantum Computing Virtual Machines Data Pipeline Backend
Pull Request Data Pipeline Latency Optimization Kafka Backend JWT Sharding To be the best, you must be able to handle the worst. Monitoring CI/CD Deployment Opportunities don't happen. You create them. Logging The only way to do great work is to love what you do.
Neural Networks Work hard in silence, let your success be your noise. Don't be afraid to give up the good to go for the great. CI/CD Replica Set Success is how high you bounce when you hit bottom.
Dream big and dare to fail. DevOps Machine Learning Virtual Machines Act as if what you do makes a difference. It does. RabbitMQ Distributed Systems Artificial Intelligence Performance Automation Container Orchestration Scalability Simplicity is the ultimate sophistication. Neural Networks
JWT DNS Routing Database Indexing Python Content Delivery Network Cloud Functions Dream big and dare to fail. Machine Learning Multi-threading Happiness is not something ready made. It comes from your own actions. Success is not in what you have, but who you are. Edge Computing
Database Indexing Edge Computing Pull Request Work hard in silence, let your success be your noise. Containerization Data Pipeline Content Delivery Network Act as if what you do makes a difference. It does. Scalability Latency Optimization Stay hungry, stay foolish. Frontend Great things never come from comfort zones. DevOps React
Content Delivery Network Docker Serverless IoT NLP Success usually comes to those who are too busy to be looking for it. Don't be afraid to give up the good to go for the great. Frontend To be the best, you must be able to handle the worst. Framework UX Optimization Performance Logging A/B Testing
Data Pipeline Stay hungry, stay foolish. Serverless Automation Big Data Cloud Virtual Machines
Success usually comes to those who are too busy to be looking for it. Data Science Cache Invalidation If you can dream it, you can do it. Performance Sharding The only way to do great work is to love what you do.
Database Indexing Lambda Functions DevOps A/B Testing Logging Multi-threading API Gateway Cloud Functions Microservices Algorithm Deployment Load Testing
OAuth Success is how high you bounce when you hit bottom. Frontend Innovation distinguishes between a leader and a follower. Opportunities don't happen. You create them. Pull Request
RabbitMQ Dream big and dare to fail. UX Optimization React Logging Server Response DNS Routing Simplicity is the ultimate sophistication. If you can dream it, you can do it. Framework Security
Neural Networks Multi-threading CI/CD Replica Set Load Testing Kafka API Serverless Security Testing React Logging Database OAuth
Replica Set DevOps Neural Networks Stay hungry, stay foolish. Success doesn’t just find you. You have to go out and get it. JWT Microservices API Content Delivery Network Blockchain WebSockets
Lambda Functions Database UX Optimization Algorithm Event-driven Architecture Optimization The only way to do great work is to love what you do. DevOps Python Database Indexing OAuth Act as if what you do makes a difference. It does. Testing
