Frontend Server Response Containerization JWT Load Testing Container Orchestration IoT Parallel Processing
Event-driven Architecture Serverless JavaScript Machine Learning Zero Downtime Deployment Innovation distinguishes between a leader and a follower. Kubernetes Success is how high you bounce when you hit bottom. Load Testing Multi-threading Latency Optimization Neural Networks Content Delivery Network
